
Microsoft Visual Studio Solution File, Format Version 12.00
# Visual Studio Version 17
VisualStudioVersion = 17.7.34221.43
MinimumVisualStudioVersion = 10.0.40219.1
Project("{FAE04EC0-301F-11D3-BF4B-00C04F79EFBC}") = "Server", "Server\Server.csproj", "{747B09A6-9AE8-45B3-A93B-C6A7A0083992}"
EndProject
Project("{FAE04EC0-301F-11D3-BF4B-00C04F79EFBC}") = "Client", "Client\Client.csproj", "{DF74FDBD-7493-4399-B9AF-307350CB8E01}"
EndProject
Project("{FAE04EC0-301F-11D3-BF4B-00C04F79EFBC}") = "BaseLibrary", "BaseLibrary\BaseLibrary.csproj", "{FCCF821F-C5D9-4346-AFBB-50E577E2CD31}"
EndProject
Project("{FAE04EC0-301F-11D3-BF4B-00C04F79EFBC}") = "ClientLibrary", "ClientLibrary\ClientLibrary.csproj", "{6FAB1EA1-EB92-47B9-BB7F-59F7DF68A8DB}"
EndProject
Project("{FAE04EC0-301F-11D3-BF4B-00C04F79EFBC}") = "ServerLibrary", "ServerLibrary\ServerLibrary.csproj", "{8A81B3ED-C9AF-441C-A19C-F08CF3B8A2C1}"
EndProject
Global
	GlobalSection(SolutionConfigurationPlatforms) = preSolution
		Debug|Any CPU = Debug|Any CPU
		Release|Any CPU = Release|Any CPU
	EndGlobalSection
	GlobalSection(ProjectConfigurationPlatforms) = postSolution
		{747B09A6-9AE8-45B3-A93B-C6A7A0083992}.Debug|Any CPU.ActiveCfg = Debug|Any CPU
		{747B09A6-9AE8-45B3-A93B-C6A7A0083992}.Debug|Any CPU.Build.0 = Debug|Any CPU
		{747B09A6-9AE8-45B3-A93B-C6A7A0083992}.Release|Any CPU.ActiveCfg = Release|Any CPU
		{747B09A6-9AE8-45B3-A93B-C6A7A0083992}.Release|Any CPU.Build.0 = Release|Any CPU
		{DF74FDBD-7493-4399-B9AF-307350CB8E01}.Debug|Any CPU.ActiveCfg = Debug|Any CPU
		{DF74FDBD-7493-4399-B9AF-307350CB8E01}.Debug|Any CPU.Build.0 = Debug|Any CPU
		{DF74FDBD-7493-4399-B9AF-307350CB8E01}.Release|Any CPU.ActiveCfg = Release|Any CPU
		{DF74FDBD-7493-4399-B9AF-307350CB8E01}.Release|Any CPU.Build.0 = Release|Any CPU
		{FCCF821F-C5D9-4346-AFBB-50E577E2CD31}.Debug|Any CPU.ActiveCfg = Debug|Any CPU
		{FCCF821F-C5D9-4346-AFBB-50E577E2CD31}.Debug|Any CPU.Build.0 = Debug|Any CPU
		{FCCF821F-C5D9-4346-AFBB-50E577E2CD31}.Release|Any CPU.ActiveCfg = Release|Any CPU
		{FCCF821F-C5D9-4346-AFBB-50E577E2CD31}.Release|Any CPU.Build.0 = Release|Any CPU
		{6FAB1EA1-EB92-47B9-BB7F-59F7DF68A8DB}.Debug|Any CPU.ActiveCfg = Debug|Any CPU
		{6FAB1EA1-EB92-47B9-BB7F-59F7DF68A8DB}.Debug|Any CPU.Build.0 = Debug|Any CPU
		{6FAB1EA1-EB92-47B9-BB7F-59F7DF68A8DB}.Release|Any CPU.ActiveCfg = Release|Any CPU
		{6FAB1EA1-EB92-47B9-BB7F-59F7DF68A8DB}.Release|Any CPU.Build.0 = Release|Any CPU
		{8A81B3ED-C9AF-441C-A19C-F08CF3B8A2C1}.Debug|Any CPU.ActiveCfg = Debug|Any CPU
		{8A81B3ED-C9AF-441C-A19C-F08CF3B8A2C1}.Debug|Any CPU.Build.0 = Debug|Any CPU
		{8A81B3ED-C9AF-441C-A19C-F08CF3B8A2C1}.Release|Any CPU.ActiveCfg = Release|Any CPU
		{8A81B3ED-C9AF-441C-A19C-F08CF3B8A2C1}.Release|Any CPU.Build.0 = Release|Any CPU
	EndGlobalSection
	GlobalSection(SolutionProperties) = preSolution
		HideSolutionNode = FALSE
	EndGlobalSection
	GlobalSection(ExtensibilityGlobals) = postSolution
		SolutionGuid = {9667C569-E5CB-4D1F-A93F-F4841F875D2D}
	EndGlobalSection
EndGlobal
